// !$*UTF8*$!
{
	archiveVersion = 1;
	classes = {
	};
	objectVersion = 55;
	objects = {

/* Begin PBXBuildFile section */
		92189DA32A59C55600247FA7 /* CitiesApp.swift in Sources */ = {isa = PBXBuildFile; fileRef = 92189DA22A59C55600247FA7 /* CitiesApp.swift */; };
		92189DA52A59C55600247FA7 /* ContentView.swift in Sources */ = {isa = PBXBuildFile; fileRef = 92189DA42A59C55600247FA7 /* ContentView.swift */; };
		92189DA72A59C55E00247FA7 /* Assets.xcassets in Resources */ = {isa = PBXBuildFile; fileRef = 92189DA62A59C55E00247FA7 /* Assets.xcassets */; };
		92189DAA2A59C55E00247FA7 /* Preview Assets.xcassets in Resources */ = {isa = PBXBuildFile; fileRef = 92189DA92A59C55E00247FA7 /* Preview Assets.xcassets */; };
		9247CBF12A63370A00FA82B6 /* BuildingResidentsView.swift in Sources */ = {isa = PBXBuildFile; fileRef = 9247CBF02A63370A00FA82B6 /* BuildingResidentsView.swift */; };
		92D813BC2A62F867005E5409 /* Cidade_Predio.swift in Sources */ = {isa = PBXBuildFile; fileRef = 92D813BB2A62F867005E5409 /* Cidade_Predio.swift */; };
		92D813BE2A630248005E5409 /* LoginViewController.swift in Sources */ = {isa = PBXBuildFile; fileRef = 92D813BD2A630248005E5409 /* LoginViewController.swift */; };
		92D813C62A6315F0005E5409 /* CityListView.swift in Sources */ = {isa = PBXBuildFile; fileRef = 92D813C52A6315F0005E5409 /* CityListView.swift */; };
		92D813C82A631C89005E5409 /* CityDetailsView.swift in Sources */ = {isa = PBXBuildFile; fileRef = 92D813C72A631C89005E5409 /* CityDetailsView.swift */; };
		92D8FE802A5B20C000896A3D /* Predios.swift in Sources */ = {isa = PBXBuildFile; fileRef = 92D8FE7F2A5B20C000896A3D /* Predios.swift */; };
		92D8FE822A5B223600896A3D /* Cidades.swift in Sources */ = {isa = PBXBuildFile; fileRef = 92D8FE812A5B223600896A3D /* Cidades.swift */; };
		92D8FE862A5B24A100896A3D /* LoadData.swift in Sources */ = {isa = PBXBuildFile; fileRef = 92D8FE832A5B24A000896A3D /* LoadData.swift */; };
		92D8FE872A5B24A100896A3D /* Pessoas.swift in Sources */ = {isa = PBXBuildFile; fileRef = 92D8FE842A5B24A100896A3D /* Pessoas.swift */; };
		92D8FE882A5B24A100896A3D /* ContentViewModel.swift in Sources */ = {isa = PBXBuildFile; fileRef = 92D8FE852A5B24A100896A3D /* ContentViewModel.swift */; };
		92D8FE8A2A5B2E9500896A3D /* Moradores.swift in Sources */ = {isa = PBXBuildFile; fileRef = 92D8FE892A5B2E9500896A3D /* Moradores.swift */; };
/* End PBXBuildFile section */

/* Begin PBXFileReference section */
		92189D9F2A59C55600247FA7 /* Cities.app */ = {isa = PBXFileReference; explicitFileType = wrapper.application; includeInIndex = 0; path = Cities.app; sourceTree = BUILT_PRODUCTS_DIR; };
		92189DA22A59C55600247FA7 /* CitiesApp.swift */ = {isa = PBXFileReference; lastKnownFileType = sourcecode.swift; path = CitiesApp.swift; sourceTree = "<group>"; };
		92189DA42A59C55600247FA7 /* ContentView.swift */ = {isa = PBXFileReference; lastKnownFileType = sourcecode.swift; path = ContentView.swift; sourceTree = "<group>"; };
		92189DA62A59C55E00247FA7 /* Assets.xcassets */ = {isa = PBXFileReference; lastKnownFileType = folder.assetcatalog; path = Assets.xcassets; sourceTree = "<group>"; };
		92189DA92A59C55E00247FA7 /* Preview Assets.xcassets */ = {isa = PBXFileReference; lastKnownFileType = folder.assetcatalog; path = "Preview Assets.xcassets"; sourceTree = "<group>"; };
		9247CBF02A63370A00FA82B6 /* BuildingResidentsView.swift */ = {isa = PBXFileReference; lastKnownFileType = sourcecode.swift; path = BuildingResidentsView.swift; sourceTree = "<group>"; };
		92D813BB2A62F867005E5409 /* Cidade_Predio.swift */ = {isa = PBXFileReference; lastKnownFileType = sourcecode.swift; path = Cidade_Predio.swift; sourceTree = "<group>"; };
		92D813BD2A630248005E5409 /* LoginViewController.swift */ = {isa = PBXFileReference; lastKnownFileType = sourcecode.swift; path = LoginViewController.swift; sourceTree = "<group>"; };
		92D813C52A6315F0005E5409 /* CityListView.swift */ = {isa = PBXFileReference; lastKnownFileType = sourcecode.swift; path = CityListView.swift; sourceTree = "<group>"; };
		92D813C72A631C89005E5409 /* CityDetailsView.swift */ = {isa = PBXFileReference; lastKnownFileType = sourcecode.swift; path = CityDetailsView.swift; sourceTree = "<group>"; };
		92D8FE7F2A5B20C000896A3D /* Predios.swift */ = {isa = PBXFileReference; lastKnownFileType = sourcecode.swift; path = Predios.swift; sourceTree = "<group>"; };
		92D8FE812A5B223600896A3D /* Cidades.swift */ = {isa = PBXFileReference; lastKnownFileType = sourcecode.swift; path = Cidades.swift; sourceTree = "<group>"; };
		92D8FE832A5B24A000896A3D /* LoadData.swift */ = {isa = PBXFileReference; fileEncoding = 4; lastKnownFileType = sourcecode.swift; path = LoadData.swift; sourceTree = "<group>"; };
		92D8FE842A5B24A100896A3D /* Pessoas.swift */ = {isa = PBXFileReference; fileEncoding = 4; lastKnownFileType = sourcecode.swift; path = Pessoas.swift; sourceTree = "<group>"; };
		92D8FE852A5B24A100896A3D /* ContentViewModel.swift */ = {isa = PBXFileReference; fileEncoding = 4; lastKnownFileType = sourcecode.swift; path = ContentViewModel.swift; sourceTree = "<group>"; };
		92D8FE892A5B2E9500896A3D /* Moradores.swift */ = {isa = PBXFileReference; lastKnownFileType = sourcecode.swift; path = Moradores.swift; sourceTree = "<group>"; };
/* End PBXFileReference section */

/* Begin PBXFrameworksBuildPhase section */
		92189D9C2A59C55600247FA7 /* Frameworks */ = {
			isa = PBXFrameworksBuildPhase;
			buildActionMask = 2147483647;
			files = (
			);
			runOnlyForDeploymentPostprocessing = 0;
		};
/* End PBXFrameworksBuildPhase section */

/* Begin PBXGroup section */
		92189D962A59C55600247FA7 = {
			isa = PBXGroup;
			children = (
				92189DA12A59C55600247FA7 /* Cities */,
				92189DA02A59C55600247FA7 /* Products */,
			);
			sourceTree = "<group>";
		};
		92189DA02A59C55600247FA7 /* Products */ = {
			isa = PBXGroup;
			children = (
				92189D9F2A59C55600247FA7 /* Cities.app */,
			);
			name = Products;
			sourceTree = "<group>";
		};
		92189DA12A59C55600247FA7 /* Cities */ = {
			isa = PBXGroup;
			children = (
				92D813C52A6315F0005E5409 /* CityListView.swift */,
				92189DA22A59C55600247FA7 /* CitiesApp.swift */,
				92189DA42A59C55600247FA7 /* ContentView.swift */,
				92D8FE852A5B24A100896A3D /* ContentViewModel.swift */,
				92D8FE832A5B24A000896A3D /* LoadData.swift */,
				92D8FE842A5B24A100896A3D /* Pessoas.swift */,
				92189DA62A59C55E00247FA7 /* Assets.xcassets */,
				92189DA82A59C55E00247FA7 /* Preview Content */,
				92D8FE7F2A5B20C000896A3D /* Predios.swift */,
				92D8FE812A5B223600896A3D /* Cidades.swift */,
				92D8FE892A5B2E9500896A3D /* Moradores.swift */,
				92D813BB2A62F867005E5409 /* Cidade_Predio.swift */,
				92D813BD2A630248005E5409 /* LoginViewController.swift */,
				92D813C72A631C89005E5409 /* CityDetailsView.swift */,
				9247CBF02A63370A00FA82B6 /* BuildingResidentsView.swift */,
			);
			path = Cities;
			sourceTree = "<group>";
		};
		92189DA82A59C55E00247FA7 /* Preview Content */ = {
			isa = PBXGroup;
			children = (
				92189DA92A59C55E00247FA7 /* Preview Assets.xcassets */,
			);
			path = "Preview Content";
			sourceTree = "<group>";
		};
/* End PBXGroup section */

/* Begin PBXNativeTarget section */
		92189D9E2A59C55600247FA7 /* Cities */ = {
			isa = PBXNativeTarget;
			buildConfigurationList = 92189DAD2A59C55E00247FA7 /* Build configuration list for PBXNativeTarget "Cities" */;
			buildPhases = (
				92189D9B2A59C55600247FA7 /* Sources */,
				92189D9C2A59C55600247FA7 /* Frameworks */,
				92189D9D2A59C55600247FA7 /* Resources */,
			);
			buildRules = (
			);
			dependencies = (
			);
			name = Cities;
			productName = Cities;
			productReference = 92189D9F2A59C55600247FA7 /* Cities.app */;
			productType = "com.apple.product-type.application";
		};
/* End PBXNativeTarget section */

/* Begin PBXProject section */
		92189D972A59C55600247FA7 /* Project object */ = {
			isa = PBXProject;
			attributes = {
				BuildIndependentTargetsInParallel = 1;
				LastSwiftUpdateCheck = 1340;
				LastUpgradeCheck = 1340;
				TargetAttributes = {
					92189D9E2A59C55600247FA7 = {
						CreatedOnToolsVersion = 13.4.1;
					};
				};
			};
			buildConfigurationList = 92189D9A2A59C55600247FA7 /* Build configuration list for PBXProject "Cities" */;
			compatibilityVersion = "Xcode 13.0";
			developmentRegion = en;
			hasScannedForEncodings = 0;
			knownRegions = (
				en,
				Base,
			);
			mainGroup = 92189D962A59C55600247FA7;
			productRefGroup = 92189DA02A59C55600247FA7 /* Products */;
			projectDirPath = "";
			projectRoot = "";
			targets = (
				92189D9E2A59C55600247FA7 /* Cities */,
			);
		};
/* End PBXProject section */

/* Begin PBXResourcesBuildPhase section */
		92189D9D2A59C55600247FA7 /* Resources */ = {
			isa = PBXResourcesBuildPhase;
			buildActionMask = 2147483647;
			files = (
				92189DAA2A59C55E00247FA7 /* Preview Assets.xcassets in Resources */,
				92189DA72A59C55E00247FA7 /* Assets.xcassets in Resources */,
			);
			runOnlyForDeploymentPostprocessing = 0;
		};
/* End PBXResourcesBuildPhase section */

/* Begin PBXSourcesBuildPhase section */
		92189D9B2A59C55600247FA7 /* Sources */ = {
			isa = PBXSourcesBuildPhase;
			buildActionMask = 2147483647;
			files = (
				92D8FE872A5B24A100896A3D /* Pessoas.swift in Sources */,
				92189DA52A59C55600247FA7 /* ContentView.swift in Sources */,
				92D8FE862A5B24A100896A3D /* LoadData.swift in Sources */,
				9247CBF12A63370A00FA82B6 /* BuildingResidentsView.swift in Sources */,
				92D8FE882A5B24A100896A3D /* ContentViewModel.swift in Sources */,
				92D813BC2A62F867005E5409 /* Cidade_Predio.swift in Sources */,
				92D8FE822A5B223600896A3D /* Cidades.swift in Sources */,
				92D813C82A631C89005E5409 /* CityDetailsView.swift in Sources */,
				92D8FE802A5B20C000896A3D /* Predios.swift in Sources */,
				92D8FE8A2A5B2E9500896A3D /* Moradores.swift in Sources */,
				92D813BE2A630248005E5409 /* LoginViewController.swift in Sources */,
				92189DA32A59C55600247FA7 /* CitiesApp.swift in Sources */,
				92D813C62A6315F0005E5409 /* CityListView.swift in Sources */,
			);
			runOnlyForDeploymentPostprocessing = 0;
		};
/* End PBXSourcesBuildPhase section */

/* Begin XCBuildConfiguration section */
		92189DAB2A59C55E00247FA7 /* Debug */ = {
			isa = XCBuildConfiguration;
			buildSettings = {
				ALWAYS_SEARCH_USER_PATHS = NO;
				CLANG_ANALYZER_NONNULL = YES;
				CLANG_ANALYZER_NUMBER_OBJECT_CONVERSION = YES_AGGRESSIVE;
				CLANG_CXX_LANGUAGE_STANDARD = "gnu++17";
				CLANG_ENABLE_MODULES = YES;
				CLANG_ENABLE_OBJC_ARC = YES;
				CLANG_ENABLE_OBJC_WEAK = YES;
				CLANG_WARN_BLOCK_CAPTURE_AUTORELEASING = YES;
				CLANG_WARN_BOOL_CONVERSION = YES;
				CLANG_WARN_COMMA = YES;
				CLANG_WARN_CONSTANT_CONVERSION = YES;
				CLANG_WARN_DEPRECATED_OBJC_IMPLEMENTATIONS = YES;
				CLANG_WARN_DIRECT_OBJC_ISA_USAGE = YES_ERROR;
				CLANG_WARN_DOCUMENTATION_COMMENTS = YES;
				CLANG_WARN_EMPTY_BODY = YES;
				CLANG_WARN_ENUM_CONVERSION = YES;
				CLANG_WARN_INFINITE_RECURSION = YES;
				CLANG_WARN_INT_CONVERSION = YES;
				CLANG_WARN_NON_LITERAL_NULL_CONVERSION = YES;
				CLANG_WARN_OBJC_IMPLICIT_RETAIN_SELF = YES;
				CLANG_WARN_OBJC_LITERAL_CONVERSION = YES;
				CLANG_WARN_OBJC_ROOT_CLASS = YES_ERROR;
				CLANG_WARN_QUOTED_INCLUDE_IN_FRAMEWORK_HEADER = YES;
				CLANG_WARN_RANGE_LOOP_ANALYSIS = YES;
				CLANG_WARN_STRICT_PROTOTYPES = YES;
				CLANG_WARN_SUSPICIOUS_MOVE = YES;
				CLANG_WARN_UNGUARDED_AVAILABILITY = YES_AGGRESSIVE;
				CLANG_WARN_UNREACHABLE_CODE = YES;
				CLANG_WARN__DUPLICATE_METHOD_MATCH = YES;
				COPY_PHASE_STRIP = NO;
				DEBUG_INFORMATION_FORMAT = dwarf;
				ENABLE_STRICT_OBJC_MSGSEND = YES;
				ENABLE_TESTABILITY = YES;
				GCC_C_LANGUAGE_STANDARD = gnu11;
				GCC_DYNAMIC_NO_PIC = NO;
				GCC_NO_COMMON_BLOCKS = YES;
				GCC_OPTIMIZATION_LEVEL = 0;
				GCC_PREPROCESSOR_DEFINITIONS = (
					"DEBUG=1",
					"$(inherited)",
				);
				GCC_WARN_64_TO_32_BIT_CONVERSION = YES;
				GCC_WARN_ABOUT_RETURN_TYPE = YES_ERROR;
				GCC_WARN_UNDECLARED_SELECTOR = YES;
				GCC_WARN_UNINITIALIZED_AUTOS = YES_AGGRESSIVE;
				GCC_WARN_UNUSED_FUNCTION = YES;
				GCC_WARN_UNUSED_VARIABLE = YES;
				IPHONEOS_DEPLOYMENT_TARGET = 15.5;
				MTL_ENABLE_DEBUG_INFO = INCLUDE_SOURCE;
				MTL_FAST_MATH = YES;
				ONLY_ACTIVE_ARCH = YES;
				SDKROOT = iphoneos;
				SWIFT_ACTIVE_COMPILATION_CONDITIONS = DEBUG;
				SWIFT_OPTIMIZATION_LEVEL = "-Onone";
			};
			name = Debug;
		};
		92189DAC2A59C55E00247FA7 /* Release */ = {
			isa = XCBuildConfiguration;
			buildSettings = {
				ALWAYS_SEARCH_USER_PATHS = NO;
				CLANG_ANALYZER_NONNULL = YES;
				CLANG_ANALYZER_NUMBER_OBJECT_CONVERSION = YES_AGGRESSIVE;
				CLANG_CXX_LANGUAGE_STANDARD = "gnu++17";
				CLANG_ENABLE_MODULES = YES;
				CLANG_ENABLE_OBJC_ARC = YES;
				CLANG_ENABLE_OBJC_WEAK = YES;
				CLANG_WARN_BLOCK_CAPTURE_AUTORELEASING = YES;
				CLANG_WARN_BOOL_CONVERSION = YES;
				CLANG_WARN_COMMA = YES;
				CLANG_WARN_CONSTANT_CONVERSION = YES;
				CLANG_WARN_DEPRECATED_OBJC_IMPLEMENTATIONS = YES;
				CLANG_WARN_DIRECT_OBJC_ISA_USAGE = YES_ERROR;
				CLANG_WARN_DOCUMENTATION_COMMENTS = YES;
				CLANG_WARN_EMPTY_BODY = YES;
				CLANG_WARN_ENUM_CONVERSION = YES;
				CLANG_WARN_INFINITE_RECURSION = YES;
				CLANG_WARN_INT_CONVERSION = YES;
				CLANG_WARN_NON_LITERAL_NULL_CONVERSION = YES;
				CLANG_WARN_OBJC_IMPLICIT_RETAIN_SELF = YES;
				CLANG_WARN_OBJC_LITERAL_CONVERSION = YES;
				CLANG_WARN_OBJC_ROOT_CLASS = YES_ERROR;
				CLANG_WARN_QUOTED_INCLUDE_IN_FRAMEWORK_HEADER = YES;
				CLANG_WARN_RANGE_LOOP_ANALYSIS = YES;
				CLANG_WARN_STRICT_PROTOTYPES = YES;
				CLANG_WARN_SUSPICIOUS_MOVE = YES;
				CLANG_WARN_UNGUARDED_AVAILABILITY = YES_AGGRESSIVE;
				CLANG_WARN_UNREACHABLE_CODE = YES;
				CLANG_WARN__DUPLICATE_METHOD_MATCH = YES;
				COPY_PHASE_STRIP = NO;
				DEBUG_INFORMATION_FORMAT = "dwarf-with-dsym";
				ENABLE_NS_ASSERTIONS = NO;
				ENABLE_STRICT_OBJC_MSGSEND = YES;
				GCC_C_LANGUAGE_STANDARD = gnu11;
				GCC_NO_COMMON_BLOCKS = YES;
				GCC_WARN_64_TO_32_BIT_CONVERSION = YES;
				GCC_WARN_ABOUT_RETURN_TYPE = YES_ERROR;
				GCC_WARN_UNDECLARED_SELECTOR = YES;
				GCC_WARN_UNINITIALIZED_AUTOS = YES_AGGRESSIVE;
				GCC_WARN_UNUSED_FUNCTION = YES;
				GCC_WARN_UNUSED_VARIABLE = YES;
				IPHONEOS_DEPLOYMENT_TARGET = 15.5;
				MTL_ENABLE_DEBUG_INFO = NO;
				MTL_FAST_MATH = YES;
				SDKROOT = iphoneos;
				SWIFT_COMPILATION_MODE = wholemodule;
				SWIFT_OPTIMIZATION_LEVEL = "-O";
				VALIDATE_PRODUCT = YES;
			};
			name = Release;
		};
		92189DAE2A59C55E00247FA7 /* Debug */ = {
			isa = XCBuildConfiguration;
			buildSettings = {
				ASSETCATALOG_COMPILER_APPICON_NAME = AppIcon;
				ASSETCATALOG_COMPILER_GLOBAL_ACCENT_COLOR_NAME = AccentColor;
				CODE_SIGN_STYLE = Automatic;
				CURRENT_PROJECT_VERSION = 1;
				DEVELOPMENT_ASSET_PATHS = "\"Cities/Preview Content\"";
				ENABLE_PREVIEWS = YES;
				GENERATE_INFOPLIST_FILE = YES;
				INFOPLIST_KEY_UIApplicationSceneManifest_Generation = YES;
				INFOPLIST_KEY_UIApplicationSupportsIndirectInputEvents = YES;
				INFOPLIST_KEY_UILaunchScreen_Generation = YES;
				INFOPLIST_KEY_UISupportedInterfaceOrientations_iPad = "UIInterfaceOrientationPortrait UIInterfaceOrientationPortraitUpsideDown UIInterfaceOrientationLandscapeLeft UIInterfaceOrientationLandscapeRight";
				INFOPLIST_KEY_UISupportedInterfaceOrientations_iPhone = "UIInterfaceOrientationPortrait UIInterfaceOrientationLandscapeLeft UIInterfaceOrientationLandscapeRight";
				LD_RUNPATH_SEARCH_PATHS = (
					"$(inherited)",
					"@executable_path/Frameworks",
				);
				MARKETING_VERSION = 1.0;
				PRODUCT_BUNDLE_IDENTIFIER = projetoswift.Cities;
				PRODUCT_NAME = "$(TARGET_NAME)";
				SWIFT_EMIT_LOC_STRINGS = YES;
				SWIFT_VERSION = 5.0;
				TARGETED_DEVICE_FAMILY = "1,2";
			};
			name = Debug;
		};
		92189DAF2A59C55E00247FA7 /* Release */ = {
			isa = XCBuildConfiguration;
			buildSettings = {
				ASSETCATALOG_COMPILER_APPICON_NAME = AppIcon;
				ASSETCATALOG_COMPILER_GLOBAL_ACCENT_COLOR_NAME = AccentColor;
				CODE_SIGN_STYLE = Automatic;
				CURRENT_PROJECT_VERSION = 1;
				DEVELOPMENT_ASSET_PATHS = "\"Cities/Preview Content\"";
				ENABLE_PREVIEWS = YES;
				GENERATE_INFOPLIST_FILE = YES;
				INFOPLIST_KEY_UIApplicationSceneManifest_Generation = YES;
				INFOPLIST_KEY_UIApplicationSupportsIndirectInputEvents = YES;
				INFOPLIST_KEY_UILaunchScreen_Generation = YES;
				INFOPLIST_KEY_UISupportedInterfaceOrientations_iPad = "UIInterfaceOrientationPortrait UIInterfaceOrientationPortraitUpsideDown UIInterfaceOrientationLandscapeLeft UIInterfaceOrientationLandscapeRight";
				INFOPLIST_KEY_UISupportedInterfaceOrientations_iPhone = "UIInterfaceOrientationPortrait UIInterfaceOrientationLandscapeLeft UIInterfaceOrientationLandscapeRight";
				LD_RUNPATH_SEARCH_PATHS = (
					"$(inherited)",
					"@executable_path/Frameworks",
				);
				MARKETING_VERSION = 1.0;
				PRODUCT_BUNDLE_IDENTIFIER = projetoswift.Cities;
				PRODUCT_NAME = "$(TARGET_NAME)";
				SWIFT_EMIT_LOC_STRINGS = YES;
				SWIFT_VERSION = 5.0;
				TARGETED_DEVICE_FAMILY = "1,2";
			};
			name = Release;
		};
/* End XCBuildConfiguration section */

/* Begin XCConfigurationList section */
		92189D9A2A59C55600247FA7 /* Build configuration list for PBXProject "Cities" */ = {
			isa = XCConfigurationList;
			buildConfigurations = (
				92189DAB2A59C55E00247FA7 /* Debug */,
				92189DAC2A59C55E00247FA7 /* Release */,
			);
			defaultConfigurationIsVisible = 0;
			defaultConfigurationName = Release;
		};
		92189DAD2A59C55E00247FA7 /* Build configuration list for PBXNativeTarget "Cities" */ = {
			isa = XCConfigurationList;
			buildConfigurations = (
				92189DAE2A59C55E00247FA7 /* Debug */,
				92189DAF2A59C55E00247FA7 /* Release */,
			);
			defaultConfigurationIsVisible = 0;
			defaultConfigurationName = Release;
		};
/* End XCConfigurationList section */
	};
	rootObject = 92189D972A59C55600247FA7 /* Project object */;
}
